// !$*UTF8*$!
{
	archiveVersion = 1;
	classes = {
	};
	objectVersion = 48;
	objects = {

/* Begin PBXBuildFile section */
		6AF3F16D157E51543FF04F9C /* Pods_Snapchat.framework in Frameworks */ = {isa = PBXBuildFile; fileRef = 6D2BD5E9D22714E9F820A975 /* Pods_Snapchat.framework */; };
		8E2FE33D20628DB0003F9A00 /* AppDelegate.swift in Sources */ = {isa = PBXBuildFile; fileRef = 8E2FE33C20628DB0003F9A00 /* AppDelegate.swift */; };
		8E2FE33F20628DB0003F9A00 /* ViewController.swift in Sources */ = {isa = PBXBuildFile; fileRef = 8E2FE33E20628DB0003F9A00 /* ViewController.swift */; };
		8E2FE34220628DB0003F9A00 /* Main.storyboard in Resources */ = {isa = PBXBuildFile; fileRef = 8E2FE34020628DB0003F9A00 /* Main.storyboard */; };
		8E2FE34420628DB0003F9A00 /* Assets.xcassets in Resources */ = {isa = PBXBuildFile; fileRef = 8E2FE34320628DB0003F9A00 /* Assets.xcassets */; };
		8E2FE34720628DB0003F9A00 /* LaunchScreen.storyboard in Resources */ = {isa = PBXBuildFile; fileRef = 8E2FE34520628DB0003F9A00 /* LaunchScreen.storyboard */; };
		8E2FE34F20628DF7003F9A00 /* GoogleService-Info.plist in Resources */ = {isa = PBXBuildFile; fileRef = 8E2FE34E20628DF7003F9A00 /* GoogleService-Info.plist */; };
		8E2FE3512062927A003F9A00 /* EntrarViewController.swift in Sources */ = {isa = PBXBuildFile; fileRef = 8E2FE3502062927A003F9A00 /* EntrarViewController.swift */; };
		8E2FE3532062928C003F9A00 /* CadastroViewController.swift in Sources */ = {isa = PBXBuildFile; fileRef = 8E2FE3522062928C003F9A00 /* CadastroViewController.swift */; };
		8E2FE3552062AB29003F9A00 /* SnapsViewController.swift in Sources */ = {isa = PBXBuildFile; fileRef = 8E2FE3542062AB29003F9A00 /* SnapsViewController.swift */; };
		8E2FE3572062AB73003F9A00 /* FotoViewController.swift in Sources */ = {isa = PBXBuildFile; fileRef = 8E2FE3562062AB73003F9A00 /* FotoViewController.swift */; };
		8E2FE35B2062CC3F003F9A00 /* Alerta.swift in Sources */ = {isa = PBXBuildFile; fileRef = 8E2FE35A2062CC3F003F9A00 /* Alerta.swift */; };
		8E2FE35D2062DA90003F9A00 /* UsuariosTableViewController.swift in Sources */ = {isa = PBXBuildFile; fileRef = 8E2FE35C2062DA90003F9A00 /* UsuariosTableViewController.swift */; };
		8E2FE35F2062DC64003F9A00 /* Usuario.swift in Sources */ = {isa = PBXBuildFile; fileRef = 8E2FE35E2062DC64003F9A00 /* Usuario.swift */; };
		8E7396D62062F873002EF1F0 /* Snap.swift in Sources */ = {isa = PBXBuildFile; fileRef = 8E7396D52062F873002EF1F0 /* Snap.swift */; };
		8E7396D82062FF61002EF1F0 /* DetalhesSnapViewController.swift in Sources */ = {isa = PBXBuildFile; fileRef = 8E7396D72062FF61002EF1F0 /* DetalhesSnapViewController.swift */; };
/* End PBXBuildFile section */

/* Begin PBXFileReference section */
		00FACC8BE4128B413473F295 /* Pods-Snapchat.debug.xcconfig */ = {isa = PBXFileReference; includeInIndex = 1; lastKnownFileType = text.xcconfig; name = "Pods-Snapchat.debug.xcconfig"; path = "Pods/Target Support Files/Pods-Snapchat/Pods-Snapchat.debug.xcconfig"; sourceTree = "<group>"; };
		28A8080C8375147E4D1E83E4 /* Pods-Snapchat.release.xcconfig */ = {isa = PBXFileReference; includeInIndex = 1; lastKnownFileType = text.xcconfig; name = "Pods-Snapchat.release.xcconfig"; path = "Pods/Target Support Files/Pods-Snapchat/Pods-Snapchat.release.xcconfig"; sourceTree = "<group>"; };
		6D2BD5E9D22714E9F820A975 /* Pods_Snapchat.framework */ = {isa = PBXFileReference; explicitFileType = wrapper.framework; includeInIndex = 0; path = Pods_Snapchat.framework; sourceTree = BUILT_PRODUCTS_DIR; };
		8E2FE33920628DB0003F9A00 /* Snapchat.app */ = {isa = PBXFileReference; explicitFileType = wrapper.application; includeInIndex = 0; path = Snapchat.app; sourceTree = BUILT_PRODUCTS_DIR; };
		8E2FE33C20628DB0003F9A00 /* AppDelegate.swift */ = {isa = PBXFileReference; lastKnownFileType = sourcecode.swift; path = AppDelegate.swift; sourceTree = "<group>"; };
		8E2FE33E20628DB0003F9A00 /* ViewController.swift */ = {isa = PBXFileReference; lastKnownFileType = sourcecode.swift; path = ViewController.swift; sourceTree = "<group>"; };
		8E2FE34120628DB0003F9A00 /* Base */ = {isa = PBXFileReference; lastKnownFileType = file.storyboard; name = Base; path = Base.lproj/Main.storyboard; sourceTree = "<group>"; };
		8E2FE34320628DB0003F9A00 /* Assets.xcassets */ = {isa = PBXFileReference; lastKnownFileType = folder.assetcatalog; path = Assets.xcassets; sourceTree = "<group>"; };
		8E2FE34620628DB0003F9A00 /* Base */ = {isa = PBXFileReference; lastKnownFileType = file.storyboard; name = Base; path = Base.lproj/LaunchScreen.storyboard; sourceTree = "<group>"; };
		8E2FE34820628DB0003F9A00 /* Info.plist */ = {isa = PBXFileReference; lastKnownFileType = text.plist.xml; path = Info.plist; sourceTree = "<group>"; };
		8E2FE34E20628DF7003F9A00 /* GoogleService-Info.plist */ = {isa = PBXFileReference; fileEncoding = 4; lastKnownFileType = text.plist.xml; path = "GoogleService-Info.plist"; sourceTree = "<group>"; };
		8E2FE3502062927A003F9A00 /* EntrarViewController.swift */ = {isa = PBXFileReference; lastKnownFileType = sourcecode.swift; path = EntrarViewController.swift; sourceTree = "<group>"; };
		8E2FE3522062928C003F9A00 /* CadastroViewController.swift */ = {isa = PBXFileReference; lastKnownFileType = sourcecode.swift; path = CadastroViewController.swift; sourceTree = "<group>"; };
		8E2FE3542062AB29003F9A00 /* SnapsViewController.swift */ = {isa = PBXFileReference; lastKnownFileType = sourcecode.swift; path = SnapsViewController.swift; sourceTree = "<group>"; };
		8E2FE3562062AB73003F9A00 /* FotoViewController.swift */ = {isa = PBXFileReference; lastKnownFileType = sourcecode.swift; path = FotoViewController.swift; sourceTree = "<group>"; };
		8E2FE35A2062CC3F003F9A00 /* Alerta.swift */ = {isa = PBXFileReference; lastKnownFileType = sourcecode.swift; path = Alerta.swift; sourceTree = "<group>"; };
		8E2FE35C2062DA90003F9A00 /* UsuariosTableViewController.swift */ = {isa = PBXFileReference; lastKnownFileType = sourcecode.swift; path = UsuariosTableViewController.swift; sourceTree = "<group>"; };
		8E2FE35E2062DC64003F9A00 /* Usuario.swift */ = {isa = PBXFileReference; lastKnownFileType = sourcecode.swift; path = Usuario.swift; sourceTree = "<group>"; };
		8E7396D52062F873002EF1F0 /* Snap.swift */ = {isa = PBXFileReference; lastKnownFileType = sourcecode.swift; path = Snap.swift; sourceTree = "<group>"; };
		8E7396D72062FF61002EF1F0 /* DetalhesSnapViewController.swift */ = {isa = PBXFileReference; lastKnownFileType = sourcecode.swift; path = DetalhesSnapViewController.swift; sourceTree = "<group>"; };
/* End PBXFileReference section */

/* Begin PBXFrameworksBuildPhase section */
		8E2FE33620628DB0003F9A00 /* Frameworks */ = {
			isa = PBXFrameworksBuildPhase;
			buildActionMask = 2147483647;
			files = (
				6AF3F16D157E51543FF04F9C /* Pods_Snapchat.framework in Frameworks */,
			);
			runOnlyForDeploymentPostprocessing = 0;
		};
/* End PBXFrameworksBuildPhase section */

/* Begin PBXGroup section */
		8E2FE33020628DB0003F9A00 = {
			isa = PBXGroup;
			children = (
				8E2FE33B20628DB0003F9A00 /* Snapchat */,
				8E2FE33A20628DB0003F9A00 /* Products */,
				E4EAC2B21493DDF511D10633 /* Pods */,
				BA667834E451ED6C69128565 /* Frameworks */,
			);
			sourceTree = "<group>";
		};
		8E2FE33A20628DB0003F9A00 /* Products */ = {
			isa = PBXGroup;
			children = (
				8E2FE33920628DB0003F9A00 /* Snapchat.app */,
			);
			name = Products;
			sourceTree = "<group>";
		};
		8E2FE33B20628DB0003F9A00 /* Snapchat */ = {
			isa = PBXGroup;
			children = (
				8E2FE3592062CC00003F9A00 /* Models */,
				8E2FE3582062CBEE003F9A00 /* ViewControllers */,
				8E2FE33C20628DB0003F9A00 /* AppDelegate.swift */,
				8E2FE34020628DB0003F9A00 /* Main.storyboard */,
				8E2FE34320628DB0003F9A00 /* Assets.xcassets */,
				8E2FE34520628DB0003F9A00 /* LaunchScreen.storyboard */,
				8E2FE34820628DB0003F9A00 /* Info.plist */,
				8E2FE34E20628DF7003F9A00 /* GoogleService-Info.plist */,
			);
			path = Snapchat;
			sourceTree = "<group>";
		};
		8E2FE3582062CBEE003F9A00 /* ViewControllers */ = {
			isa = PBXGroup;
			children = (
				8E2FE3502062927A003F9A00 /* EntrarViewController.swift */,
				8E2FE3522062928C003F9A00 /* CadastroViewController.swift */,
				8E2FE3542062AB29003F9A00 /* SnapsViewController.swift */,
				8E7396D72062FF61002EF1F0 /* DetalhesSnapViewController.swift */,
				8E2FE3562062AB73003F9A00 /* FotoViewController.swift */,
				8E2FE35C2062DA90003F9A00 /* UsuariosTableViewController.swift */,
				8E2FE33E20628DB0003F9A00 /* ViewController.swift */,
			);
			path = ViewControllers;
			sourceTree = "<group>";
		};
		8E2FE3592062CC00003F9A00 /* Models */ = {
			isa = PBXGroup;
			children = (
				8E2FE35A2062CC3F003F9A00 /* Alerta.swift */,
				8E2FE35E2062DC64003F9A00 /* Usuario.swift */,
				8E7396D52062F873002EF1F0 /* Snap.swift */,
			);
			path = Models;
			sourceTree = "<group>";
		};
		BA667834E451ED6C69128565 /* Frameworks */ = {
			isa = PBXGroup;
			children = (
				6D2BD5E9D22714E9F820A975 /* Pods_Snapchat.framework */,
			);
			name = Frameworks;
			sourceTree = "<group>";
		};
		E4EAC2B21493DDF511D10633 /* Pods */ = {
			isa = PBXGroup;
			children = (
				00FACC8BE4128B413473F295 /* Pods-Snapchat.debug.xcconfig */,
				28A8080C8375147E4D1E83E4 /* Pods-Snapchat.release.xcconfig */,
			);
			name = Pods;
			sourceTree = "<group>";
		};
/* End PBXGroup section */

/* Begin PBXNativeTarget section */
		8E2FE33820628DB0003F9A00 /* Snapchat */ = {
			isa = PBXNativeTarget;
			buildConfigurationList = 8E2FE34B20628DB0003F9A00 /* Build configuration list for PBXNativeTarget "Snapchat" */;
			buildPhases = (
				40E336F77699B975C7BB4F61 /* [CP] Check Pods Manifest.lock */,
				8E2FE33520628DB0003F9A00 /* Sources */,
				8E2FE33620628DB0003F9A00 /* Frameworks */,
				8E2FE33720628DB0003F9A00 /* Resources */,
				D7267CF32705FD977C85D20F /* [CP] Embed Pods Frameworks */,
				83DE14517B9B95A6EC875AF0 /* [CP] Copy Pods Resources */,
			);
			buildRules = (
			);
			dependencies = (
			);
			name = Snapchat;
			productName = Snapchat;
			productReference = 8E2FE33920628DB0003F9A00 /* Snapchat.app */;
			productType = "com.apple.product-type.application";
		};
/* End PBXNativeTarget section */

/* Begin PBXProject section */
		8E2FE33120628DB0003F9A00 /* Project object */ = {
			isa = PBXProject;
			attributes = {
				LastSwiftUpdateCheck = 0920;
				LastUpgradeCheck = 0920;
				ORGANIZATIONNAME = "Felipe Alberto Treichel";
				TargetAttributes = {
					8E2FE33820628DB0003F9A00 = {
						CreatedOnToolsVersion = 9.2;
						ProvisioningStyle = Automatic;
					};
				};
			};
			buildConfigurationList = 8E2FE33420628DB0003F9A00 /* Build configuration list for PBXProject "Snapchat" */;
			compatibilityVersion = "Xcode 8.0";
			developmentRegion = en;
			hasScannedForEncodings = 0;
			knownRegions = (
				en,
				Base,
			);
			mainGroup = 8E2FE33020628DB0003F9A00;
			productRefGroup = 8E2FE33A20628DB0003F9A00 /* Products */;
			projectDirPath = "";
			projectRoot = "";
			targets = (
				8E2FE33820628DB0003F9A00 /* Snapchat */,
			);
		};
/* End PBXProject section */

/* Begin PBXResourcesBuildPhase section */
		8E2FE33720628DB0003F9A00 /* Resources */ = {
			isa = PBXResourcesBuildPhase;
			buildActionMask = 2147483647;
			files = (
				8E2FE34720628DB0003F9A00 /* LaunchScreen.storyboard in Resources */,
				8E2FE34F20628DF7003F9A00 /* GoogleService-Info.plist in Resources */,
				8E2FE34420628DB0003F9A00 /* Assets.xcassets in Resources */,
				8E2FE34220628DB0003F9A00 /* Main.storyboard in Resources */,
			);
			runOnlyForDeploymentPostprocessing = 0;
		};
/* End PBXResourcesBuildPhase section */

/* Begin PBXShellScriptBuildPhase section */
		40E336F77699B975C7BB4F61 /* [CP] Check Pods Manifest.lock */ = {
			isa = PBXShellScriptBuildPhase;
			buildActionMask = 2147483647;
			files = (
			);
			inputPaths = (
				"${PODS_PODFILE_DIR_PATH}/Podfile.lock",
				"${PODS_ROOT}/Manifest.lock",
			);
			name = "[CP] Check Pods Manifest.lock";
			outputPaths = (
				"$(DERIVED_FILE_DIR)/Pods-Snapchat-checkManifestLockResult.txt",
			);
			runOnlyForDeploymentPostprocessing = 0;
			shellPath = /bin/sh;
			shellScript = "diff \"${PODS_PODFILE_DIR_PATH}/Podfile.lock\" \"${PODS_ROOT}/Manifest.lock\" > /dev/null\nif [ $? != 0 ] ; then\n    # print error to STDERR\n    echo \"error: The sandbox is not in sync with the Podfile.lock. Run 'pod install' or update your CocoaPods installation.\" >&2\n    exit 1\nfi\n# This output is used by Xcode 'outputs' to avoid re-running this script phase.\necho \"SUCCESS\" > \"${SCRIPT_OUTPUT_FILE_0}\"\n";
			showEnvVarsInLog = 0;
		};
		83DE14517B9B95A6EC875AF0 /* [CP] Copy Pods Resources */ = {
			isa = PBXShellScriptBuildPhase;
			buildActionMask = 2147483647;
			files = (
			);
			inputPaths = (
			);
			name = "[CP] Copy Pods Resources";
			outputPaths = (
			);
			runOnlyForDeploymentPostprocessing = 0;
			shellPath = /bin/sh;
			shellScript = "\"${SRCROOT}/Pods/Target Support Files/Pods-Snapchat/Pods-Snapchat-resources.sh\"\n";
			showEnvVarsInLog = 0;
		};
		D7267CF32705FD977C85D20F /* [CP] Embed Pods Frameworks */ = {
			isa = PBXShellScriptBuildPhase;
			buildActionMask = 2147483647;
			files = (
			);
			inputPaths = (
				"${SRCROOT}/Pods/Target Support Files/Pods-Snapchat/Pods-Snapchat-frameworks.sh",
				"${BUILT_PRODUCTS_DIR}/GTMSessionFetcher/GTMSessionFetcher.framework",
				"${BUILT_PRODUCTS_DIR}/GoogleToolboxForMac/GoogleToolboxForMac.framework",
				"${BUILT_PRODUCTS_DIR}/SDWebImage/SDWebImage.framework",
				"${BUILT_PRODUCTS_DIR}/leveldb-library/leveldb.framework",
				"${BUILT_PRODUCTS_DIR}/nanopb/nanopb.framework",
			);
			name = "[CP] Embed Pods Frameworks";
			outputPaths = (
				"${TARGET_BUILD_DIR}/${FRAMEWORKS_FOLDER_PATH}/GTMSessionFetcher.framework",
				"${TARGET_BUILD_DIR}/${FRAMEWORKS_FOLDER_PATH}/GoogleToolboxForMac.framework",
				"${TARGET_BUILD_DIR}/${FRAMEWORKS_FOLDER_PATH}/SDWebImage.framework",
				"${TARGET_BUILD_DIR}/${FRAMEWORKS_FOLDER_PATH}/leveldb.framework",
				"${TARGET_BUILD_DIR}/${FRAMEWORKS_FOLDER_PATH}/nanopb.framework",
			);
			runOnlyForDeploymentPostprocessing = 0;
			shellPath = /bin/sh;
			shellScript = "\"${SRCROOT}/Pods/Target Support Files/Pods-Snapchat/Pods-Snapchat-frameworks.sh\"\n";
			showEnvVarsInLog = 0;
		};
/* End PBXShellScriptBuildPhase section */

/* Begin PBXSourcesBuildPhase section */
		8E2FE33520628DB0003F9A00 /* Sources */ = {
			isa = PBXSourcesBuildPhase;
			buildActionMask = 2147483647;
			files = (
				8E7396D82062FF61002EF1F0 /* DetalhesSnapViewController.swift in Sources */,
				8E2FE3552062AB29003F9A00 /* SnapsViewController.swift in Sources */,
				8E7396D62062F873002EF1F0 /* Snap.swift in Sources */,
				8E2FE33F20628DB0003F9A00 /* ViewController.swift in Sources */,
				8E2FE35D2062DA90003F9A00 /* UsuariosTableViewController.swift in Sources */,
				8E2FE33D20628DB0003F9A00 /* AppDelegate.swift in Sources */,
				8E2FE3512062927A003F9A00 /* EntrarViewController.swift in Sources */,
				8E2FE35F2062DC64003F9A00 /* Usuario.swift in Sources */,
				8E2FE3572062AB73003F9A00 /* FotoViewController.swift in Sources */,
				8E2FE3532062928C003F9A00 /* CadastroViewController.swift in Sources */,
				8E2FE35B2062CC3F003F9A00 /* Alerta.swift in Sources */,
			);
			runOnlyForDeploymentPostprocessing = 0;
		};
/* End PBXSourcesBuildPhase section */

/* Begin PBXVariantGroup section */
		8E2FE34020628DB0003F9A00 /* Main.storyboard */ = {
			isa = PBXVariantGroup;
			children = (
				8E2FE34120628DB0003F9A00 /* Base */,
			);
			name = Main.storyboard;
			sourceTree = "<group>";
		};
		8E2FE34520628DB0003F9A00 /* LaunchScreen.storyboard */ = {
			isa = PBXVariantGroup;
			children = (
				8E2FE34620628DB0003F9A00 /* Base */,
			);
			name = LaunchScreen.storyboard;
			sourceTree = "<group>";
		};
/* End PBXVariantGroup section */

/* Begin XCBuildConfiguration section */
		8E2FE34920628DB0003F9A00 /* Debug */ = {
			isa = XCBuildConfiguration;
			buildSettings = {
				ALWAYS_SEARCH_USER_PATHS = NO;
				CLANG_ANALYZER_NONNULL = YES;
				CLANG_ANALYZER_NUMBER_OBJECT_CONVERSION = YES_AGGRESSIVE;
				CLANG_CXX_LANGUAGE_STANDARD = "gnu++14";
				CLANG_CXX_LIBRARY = "libc++";
				CLANG_ENABLE_MODULES = YES;
				CLANG_ENABLE_OBJC_ARC = YES;
				CLANG_WARN_BLOCK_CAPTURE_AUTORELEASING = YES;
				CLANG_WARN_BOOL_CONVERSION = YES;
				CLANG_WARN_COMMA = YES;
				CLANG_WARN_CONSTANT_CONVERSION = YES;
				CLANG_WARN_DIRECT_OBJC_ISA_USAGE = YES_ERROR;
				CLANG_WARN_DOCUMENTATION_COMMENTS = YES;
				CLANG_WARN_EMPTY_BODY = YES;
				CLANG_WARN_ENUM_CONVERSION = YES;
				CLANG_WARN_INFINITE_RECURSION = YES;
				CLANG_WARN_INT_CONVERSION = YES;
				CLANG_WARN_NON_LITERAL_NULL_CONVERSION = YES;
				CLANG_WARN_OBJC_LITERAL_CONVERSION = YES;
				CLANG_WARN_OBJC_ROOT_CLASS = YES_ERROR;
				CLANG_WARN_RANGE_LOOP_ANALYSIS = YES;
				CLANG_WARN_STRICT_PROTOTYPES = YES;
				CLANG_WARN_SUSPICIOUS_MOVE = YES;
				CLANG_WARN_UNGUARDED_AVAILABILITY = YES_AGGRESSIVE;
				CLANG_WARN_UNREACHABLE_CODE = YES;
				CLANG_WARN__DUPLICATE_METHOD_MATCH = YES;
				CODE_SIGN_IDENTITY = "iPhone Developer";
				COPY_PHASE_STRIP = NO;
				DEBUG_INFORMATION_FORMAT = dwarf;
				ENABLE_STRICT_OBJC_MSGSEND = YES;
				ENABLE_TESTABILITY = YES;
				GCC_C_LANGUAGE_STANDARD = gnu11;
				GCC_DYNAMIC_NO_PIC = NO;
				GCC_NO_COMMON_BLOCKS = YES;
				GCC_OPTIMIZATION_LEVEL = 0;
				GCC_PREPROCESSOR_DEFINITIONS = (
					"DEBUG=1",
					"$(inherited)",
				);
				GCC_WARN_64_TO_32_BIT_CONVERSION = YES;
				GCC_WARN_ABOUT_RETURN_TYPE = YES_ERROR;
				GCC_WARN_UNDECLARED_SELECTOR = YES;
				GCC_WARN_UNINITIALIZED_AUTOS = YES_AGGRESSIVE;
				GCC_WARN_UNUSED_FUNCTION = YES;
				GCC_WARN_UNUSED_VARIABLE = YES;
				IPHONEOS_DEPLOYMENT_TARGET = 11.2;
				MTL_ENABLE_DEBUG_INFO = YES;
				ONLY_ACTIVE_ARCH = YES;
				SDKROOT = iphoneos;
				SWIFT_ACTIVE_COMPILATION_CONDITIONS = DEBUG;
				SWIFT_OPTIMIZATION_LEVEL = "-Onone";
			};
			name = Debug;
		};
		8E2FE34A20628DB0003F9A00 /* Release */ = {
			isa = XCBuildConfiguration;
			buildSettings = {
				ALWAYS_SEARCH_USER_PATHS = NO;
				CLANG_ANALYZER_NONNULL = YES;
				CLANG_ANALYZER_NUMBER_OBJECT_CONVERSION = YES_AGGRESSIVE;
				CLANG_CXX_LANGUAGE_STANDARD = "gnu++14";
				CLANG_CXX_LIBRARY = "libc++";
				CLANG_ENABLE_MODULES = YES;
				CLANG_ENABLE_OBJC_ARC = YES;
				CLANG_WARN_BLOCK_CAPTURE_AUTORELEASING = YES;
				CLANG_WARN_BOOL_CONVERSION = YES;
				CLANG_WARN_COMMA = YES;
				CLANG_WARN_CONSTANT_CONVERSION = YES;
				CLANG_WARN_DIRECT_OBJC_ISA_USAGE = YES_ERROR;
				CLANG_WARN_DOCUMENTATION_COMMENTS = YES;
				CLANG_WARN_EMPTY_BODY = YES;
				CLANG_WARN_ENUM_CONVERSION = YES;
				CLANG_WARN_INFINITE_RECURSION = YES;
				CLANG_WARN_INT_CONVERSION = YES;
				CLANG_WARN_NON_LITERAL_NULL_CONVERSION = YES;
				CLANG_WARN_OBJC_LITERAL_CONVERSION = YES;
				CLANG_WARN_OBJC_ROOT_CLASS = YES_ERROR;
				CLANG_WARN_RANGE_LOOP_ANALYSIS = YES;
				CLANG_WARN_STRICT_PROTOTYPES = YES;
				CLANG_WARN_SUSPICIOUS_MOVE = YES;
				CLANG_WARN_UNGUARDED_AVAILABILITY = YES_AGGRESSIVE;
				CLANG_WARN_UNREACHABLE_CODE = YES;
				CLANG_WARN__DUPLICATE_METHOD_MATCH = YES;
				CODE_SIGN_IDENTITY = "iPhone Developer";
				COPY_PHASE_STRIP = NO;
				DEBUG_INFORMATION_FORMAT = "dwarf-with-dsym";
				ENABLE_NS_ASSERTIONS = NO;
				ENABLE_STRICT_OBJC_MSGSEND = YES;
				GCC_C_LANGUAGE_STANDARD = gnu11;
				GCC_NO_COMMON_BLOCKS = YES;
				GCC_WARN_64_TO_32_BIT_CONVERSION = YES;
				GCC_WARN_ABOUT_RETURN_TYPE = YES_ERROR;
				GCC_WARN_UNDECLARED_SELECTOR = YES;
				GCC_WARN_UNINITIALIZED_AUTOS = YES_AGGRESSIVE;
				GCC_WARN_UNUSED_FUNCTION = YES;
				GCC_WARN_UNUSED_VARIABLE = YES;
				IPHONEOS_DEPLOYMENT_TARGET = 11.2;
				MTL_ENABLE_DEBUG_INFO = NO;
				SDKROOT = iphoneos;
				SWIFT_OPTIMIZATION_LEVEL = "-Owholemodule";
				VALIDATE_PRODUCT = YES;
			};
			name = Release;
		};
		8E2FE34C20628DB0003F9A00 /* Debug */ = {
			isa = XCBuildConfiguration;
			baseConfigurationReference = 00FACC8BE4128B413473F295 /* Pods-Snapchat.debug.xcconfig */;
			buildSettings = {
				ASSETCATALOG_COMPILER_APPICON_NAME = AppIcon;
				CODE_SIGN_STYLE = Automatic;
				DEVELOPMENT_TEAM = 8D2NZYMB3U;
				INFOPLIST_FILE = Snapchat/Info.plist;
				LD_RUNPATH_SEARCH_PATHS = "$(inherited) @executable_path/Frameworks";
				PRODUCT_BUNDLE_IDENTIFIER = br.com.ftreichel.Snapchat;
				PRODUCT_NAME = "$(TARGET_NAME)";
				SWIFT_VERSION = 4.0;
				TARGETED_DEVICE_FAMILY = "1,2";
			};
			name = Debug;
		};
		8E2FE34D20628DB0003F9A00 /* Release */ = {
			isa = XCBuildConfiguration;
			baseConfigurationReference = 28A8080C8375147E4D1E83E4 /* Pods-Snapchat.release.xcconfig */;
			buildSettings = {
				ASSETCATALOG_COMPILER_APPICON_NAME = AppIcon;
				CODE_SIGN_STYLE = Automatic;
				DEVELOPMENT_TEAM = 8D2NZYMB3U;
				INFOPLIST_FILE = Snapchat/Info.plist;
				LD_RUNPATH_SEARCH_PATHS = "$(inherited) @executable_path/Frameworks";
				PRODUCT_BUNDLE_IDENTIFIER = br.com.ftreichel.Snapchat;
				PRODUCT_NAME = "$(TARGET_NAME)";
				SWIFT_VERSION = 4.0;
				TARGETED_DEVICE_FAMILY = "1,2";
			};
			name = Release;
		};
/* End XCBuildConfiguration section */

/* Begin XCConfigurationList section */
		8E2FE33420628DB0003F9A00 /* Build configuration list for PBXProject "Snapchat" */ = {
			isa = XCConfigurationList;
			buildConfigurations = (
				8E2FE34920628DB0003F9A00 /* Debug */,
				8E2FE34A20628DB0003F9A00 /* Release */,
			);
			defaultConfigurationIsVisible = 0;
			defaultConfigurationName = Release;
		};
		8E2FE34B20628DB0003F9A00 /* Build configuration list for PBXNativeTarget "Snapchat" */ = {
			isa = XCConfigurationList;
			buildConfigurations = (
				8E2FE34C20628DB0003F9A00 /* Debug */,
				8E2FE34D20628DB0003F9A00 /* Release */,
			);
			defaultConfigurationIsVisible = 0;
			defaultConfigurationName = Release;
		};
/* End XCConfigurationList section */
	};
	rootObject = 8E2FE33120628DB0003F9A00 /* Project object */;
}
